// !$*UTF8*$!
{
	archiveVersion = 1;
	classes = {
	};
	objectVersion = 46;
	objects = {

/* Begin PBXBuildFile section */
		D40894351AC9DC3300D9E1B2 /* main.c in Sources */ = {isa = PBXBuildFile; fileRef = D40894341AC9DC3300D9E1B2 /* main.c */; };
		D408943D1AC9DC4A00D9E1B2 /* mongoose.c in Sources */ = {isa = PBXBuildFile; fileRef = D408943B1AC9DC4A00D9E1B2 /* mongoose.c */; };
		D408943F1AC9DC6B00D9E1B2 /* libz.dylib in Frameworks */ = {isa = PBXBuildFile; fileRef = D408943E1AC9DC6B00D9E1B2 /* libz.dylib */; };
/* End PBXBuildFile section */

/* Begin PBXCopyFilesBuildPhase section */
		D408942F1AC9DC3300D9E1B2 /* CopyFiles */ = {
			isa = PBXCopyFilesBuildPhase;
			buildActionMask = 2147483647;
			dstPath = /usr/share/man/man1/;
			dstSubfolderSpec = 0;
			files = (
			);
			runOnlyForDeploymentPostprocessing = 1;
		};
/* End PBXCopyFilesBuildPhase section */

/* Begin PBXFileReference section */
		D40894311AC9DC3300D9E1B2 /* groknroll */ = {isa = PBXFileReference; explicitFileType = "compiled.mach-o.executable"; includeInIndex = 0; path = groknroll; sourceTree = BUILT_PRODUCTS_DIR; };
		D40894341AC9DC3300D9E1B2 /* main.c */ = {isa = PBXFileReference; lastKnownFileType = sourcecode.c.c; path = main.c; sourceTree = "<group>"; };
		D408943B1AC9DC4A00D9E1B2 /* mongoose.c */ = {isa = PBXFileReference; fileEncoding = 4; lastKnownFileType = sourcecode.c.c; path = mongoose.c; sourceTree = "<group>"; };
		D408943C1AC9DC4A00D9E1B2 /* mongoose.h */ = {isa = PBXFileReference; fileEncoding = 4; lastKnownFileType = sourcecode.c.h; path = mongoose.h; sourceTree = "<group>"; };
		D408943E1AC9DC6B00D9E1B2 /* libz.dylib */ = {isa = PBXFileReference; lastKnownFileType = "compiled.mach-o.dylib"; name = libz.dylib; path = usr/lib/libz.dylib; sourceTree = SDKROOT; };
/* End PBXFileReference section */

/* Begin PBXFrameworksBuildPhase section */
		D408942E1AC9DC3300D9E1B2 /* Frameworks */ = {
			isa = PBXFrameworksBuildPhase;
			buildActionMask = 2147483647;
			files = (
				D408943F1AC9DC6B00D9E1B2 /* libz.dylib in Frameworks */,
			);
			runOnlyForDeploymentPostprocessing = 0;
		};
/* End PBXFrameworksBuildPhase section */

/* Begin PBXGroup section */
		D40894281AC9DC3300D9E1B2 = {
			isa = PBXGroup;
			children = (
				D408943E1AC9DC6B00D9E1B2 /* libz.dylib */,
				D40894331AC9DC3300D9E1B2 /* groknroll */,
				D40894321AC9DC3300D9E1B2 /* Products */,
			);
			sourceTree = "<group>";
		};
		D40894321AC9DC3300D9E1B2 /* Products */ = {
			isa = PBXGroup;
			children = (
				D40894311AC9DC3300D9E1B2 /* groknroll */,
			);
			name = Products;
			sourceTree = "<group>";
		};
		D40894331AC9DC3300D9E1B2 /* groknroll */ = {
			isa = PBXGroup;
			children = (
				D408943B1AC9DC4A00D9E1B2 /* mongoose.c */,
				D408943C1AC9DC4A00D9E1B2 /* mongoose.h */,
				D40894341AC9DC3300D9E1B2 /* main.c */,
			);
			path = groknroll;
			sourceTree = "<group>";
		};
/* End PBXGroup section */

/* Begin PBXNativeTarget section */
		D40894301AC9DC3300D9E1B2 /* groknroll */ = {
			isa = PBXNativeTarget;
			buildConfigurationList = D40894381AC9DC3300D9E1B2 /* Build configuration list for PBXNativeTarget "groknroll" */;
			buildPhases = (
				D408942D1AC9DC3300D9E1B2 /* Sources */,
				D408942E1AC9DC3300D9E1B2 /* Frameworks */,
				D408942F1AC9DC3300D9E1B2 /* CopyFiles */,
			);
			buildRules = (
			);
			dependencies = (
			);
			name = groknroll;
			productName = groknroll;
			productReference = D40894311AC9DC3300D9E1B2 /* groknroll */;
			productType = "com.apple.product-type.tool";
		};
/* End PBXNativeTarget section */

/* Begin PBXProject section */
		D40894291AC9DC3300D9E1B2 /* Project object */ = {
			isa = PBXProject;
			attributes = {
				LastUpgradeCheck = 0620;
				ORGANIZATIONNAME = "TokBox, Inc.";
				TargetAttributes = {
					D40894301AC9DC3300D9E1B2 = {
						CreatedOnToolsVersion = 6.2;
					};
				};
			};
			buildConfigurationList = D408942C1AC9DC3300D9E1B2 /* Build configuration list for PBXProject "groknroll" */;
			compatibilityVersion = "Xcode 3.2";
			developmentRegion = English;
			hasScannedForEncodings = 0;
			knownRegions = (
				en,
			);
			mainGroup = D40894281AC9DC3300D9E1B2;
			productRefGroup = D40894321AC9DC3300D9E1B2 /* Products */;
			projectDirPath = "";
			projectRoot = "";
			targets = (
				D40894301AC9DC3300D9E1B2 /* groknroll */,
			);
		};
/* End PBXProject section */

/* Begin PBXSourcesBuildPhase section */
		D408942D1AC9DC3300D9E1B2 /* Sources */ = {
			isa = PBXSourcesBuildPhase;
			buildActionMask = 2147483647;
			files = (
				D408943D1AC9DC4A00D9E1B2 /* mongoose.c in Sources */,
				D40894351AC9DC3300D9E1B2 /* main.c in Sources */,
			);
			runOnlyForDeploymentPostprocessing = 0;
		};
/* End PBXSourcesBuildPhase section */

/* Begin XCBuildConfiguration section */
		D40894361AC9DC3300D9E1B2 /* Debug */ = {
			isa = XCBuildConfiguration;
			buildSettings = {
				ALWAYS_SEARCH_USER_PATHS = NO;
				CLANG_CXX_LANGUAGE_STANDARD = "gnu++0x";
				CLANG_CXX_LIBRARY = "libc++";
				CLANG_ENABLE_MODULES = YES;
				CLANG_ENABLE_OBJC_ARC = YES;
				CLANG_WARN_BOOL_CONVERSION = YES;
				CLANG_WARN_CONSTANT_CONVERSION = YES;
				CLANG_WARN_DIRECT_OBJC_ISA_USAGE = YES_ERROR;
				CLANG_WARN_EMPTY_BODY = YES;
				CLANG_WARN_ENUM_CONVERSION = YES;
				CLANG_WARN_INT_CONVERSION = YES;
				CLANG_WARN_OBJC_ROOT_CLASS = YES_ERROR;
				CLANG_WARN_UNREACHABLE_CODE = YES;
				CLANG_WARN__DUPLICATE_METHOD_MATCH = YES;
				COPY_PHASE_STRIP = NO;
				ENABLE_STRICT_OBJC_MSGSEND = YES;
				GCC_C_LANGUAGE_STANDARD = gnu99;
				GCC_DYNAMIC_NO_PIC = NO;
				GCC_OPTIMIZATION_LEVEL = 0;
				GCC_PREPROCESSOR_DEFINITIONS = (
					"DEBUG=1",
					"$(inherited)",
				);
				GCC_SYMBOLS_PRIVATE_EXTERN = NO;
				GCC_WARN_64_TO_32_BIT_CONVERSION = YES;
				GCC_WARN_ABOUT_RETURN_TYPE = YES_ERROR;
				GCC_WARN_UNDECLARED_SELECTOR = YES;
				GCC_WARN_UNINITIALIZED_AUTOS = YES_AGGRESSIVE;
				GCC_WARN_UNUSED_FUNCTION = YES;
				GCC_WARN_UNUSED_VARIABLE = YES;
				MACOSX_DEPLOYMENT_TARGET = 10.10;
				MTL_ENABLE_DEBUG_INFO = YES;
				ONLY_ACTIVE_ARCH = YES;
				SDKROOT = macosx;
			};
			name = Debug;
		};
		D40894371AC9DC3300D9E1B2 /* Release */ = {
			isa = XCBuildConfiguration;
			buildSettings = {
				ALWAYS_SEARCH_USER_PATHS = NO;
				CLANG_CXX_LANGUAGE_STANDARD = "gnu++0x";
				CLANG_CXX_LIBRARY = "libc++";
				CLANG_ENABLE_MODULES = YES;
				CLANG_ENABLE_OBJC_ARC = YES;
				CLANG_WARN_BOOL_CONVERSION = YES;
				CLANG_WARN_CONSTANT_CONVERSION = YES;
				CLANG_WARN_DIRECT_OBJC_ISA_USAGE = YES_ERROR;
				CLANG_WARN_EMPTY_BODY = YES;
				CLANG_WARN_ENUM_CONVERSION = YES;
				CLANG_WARN_INT_CONVERSION = YES;
				CLANG_WARN_OBJC_ROOT_CLASS = YES_ERROR;
				CLANG_WARN_UNREACHABLE_CODE = YES;
				CLANG_WARN__DUPLICATE_METHOD_MATCH = YES;
				COPY_PHASE_STRIP = NO;
				DEBUG_INFORMATION_FORMAT = "dwarf-with-dsym";
				ENABLE_NS_ASSERTIONS = NO;
				ENABLE_STRICT_OBJC_MSGSEND = YES;
				GCC_C_LANGUAGE_STANDARD = gnu99;
				GCC_WARN_64_TO_32_BIT_CONVERSION = YES;
				GCC_WARN_ABOUT_RETURN_TYPE = YES_ERROR;
				GCC_WARN_UNDECLARED_SELECTOR = YES;
				GCC_WARN_UNINITIALIZED_AUTOS = YES_AGGRESSIVE;
				GCC_WARN_UNUSED_FUNCTION = YES;
				GCC_WARN_UNUSED_VARIABLE = YES;
				MACOSX_DEPLOYMENT_TARGET = 10.10;
				MTL_ENABLE_DEBUG_INFO = NO;
				SDKROOT = macosx;
			};
			name = Release;
		};
		D40894391AC9DC3300D9E1B2 /* Debug */ = {
			isa = XCBuildConfiguration;
			buildSettings = {
				PRODUCT_NAME = "$(TARGET_NAME)";
			};
			name = Debug;
		};
		D408943A1AC9DC3300D9E1B2 /* Release */ = {
			isa = XCBuildConfiguration;
			buildSettings = {
				PRODUCT_NAME = "$(TARGET_NAME)";
			};
			name = Release;
		};
/* End XCBuildConfiguration section */

/* Begin XCConfigurationList section */
		D408942C1AC9DC3300D9E1B2 /* Build configuration list for PBXProject "groknroll" */ = {
			isa = XCConfigurationList;
			buildConfigurations = (
				D40894361AC9DC3300D9E1B2 /* Debug */,
				D40894371AC9DC3300D9E1B2 /* Release */,
			);
			defaultConfigurationIsVisible = 0;
			defaultConfigurationName = Release;
		};
		D40894381AC9DC3300D9E1B2 /* Build configuration list for PBXNativeTarget "groknroll" */ = {
			isa = XCConfigurationList;
			buildConfigurations = (
				D40894391AC9DC3300D9E1B2 /* Debug */,
				D408943A1AC9DC3300D9E1B2 /* Release */,
			);
			defaultConfigurationIsVisible = 0;
		};
/* End XCConfigurationList section */
	};
	rootObject = D40894291AC9DC3300D9E1B2 /* Project object */;
}
